
Microsoft Visual Studio Solution File, Format Version 12.00
# Visual Studio Version 17
VisualStudioVersion = 17.7.34024.191
MinimumVisualStudioVersion = 10.0.40219.1
Project("{2150E333-8FDC-42A3-9474-1A3956D46DE8}") = "Bootstrapper", "Bootstrapper", "{9025028A-1FEE-4CDD-BFB3-196A2B3BBAC1}"
EndProject
Project("{2150E333-8FDC-42A3-9474-1A3956D46DE8}") = "Modules", "Modules", "{F5FDA398-DD29-4DFC-9509-B00CCF564FA9}"
EndProject
Project("{2150E333-8FDC-42A3-9474-1A3956D46DE8}") = "Shared", "Shared", "{F7C34D7B-8A58-4AD9-B922-65C25CA07005}"
EndProject
Project("{9A19103F-16F7-4668-BE54-9A1E7A4F7556}") = "API", "Bootstrapper\API\API.csproj", "{89CDAF76-B91B-4E04-AF22-8B7CB79A7D0F}"
EndProject
Project("{2150E333-8FDC-42A3-9474-1A3956D46DE8}") = "Catalog", "Catalog", "{FACB254E-3779-4006-A47F-B52B8752BB1F}"
EndProject
Project("{2150E333-8FDC-42A3-9474-1A3956D46DE8}") = "Basket", "Basket", "{5DD492CF-01D2-4A6E-96AA-3642AA6D73C3}"
EndProject
Project("{2150E333-8FDC-42A3-9474-1A3956D46DE8}") = "Ordering", "Ordering", "{D60A5B12-CB12-4056-8464-6861C16E9A6F}"
EndProject
Project("{9A19103F-16F7-4668-BE54-9A1E7A4F7556}") = "Catalog", "Modules\Catalog\Catalog\Catalog.csproj", "{E4FAA979-386D-4FF4-BC0E-A9B948DE4E3D}"
EndProject
Project("{9A19103F-16F7-4668-BE54-9A1E7A4F7556}") = "Basket", "Modules\Basket\Basket\Basket.csproj", "{85D01158-85FD-4B02-9D2A-0697421162D9}"
EndProject
Project("{9A19103F-16F7-4668-BE54-9A1E7A4F7556}") = "Ordering", "Modules\Ordering\Ordering\Ordering.csproj", "{52805474-28C1-43FF-B53F-795618FF9701}"
EndProject
Project("{9A19103F-16F7-4668-BE54-9A1E7A4F7556}") = "Shared", "Shared\Shared\Shared.csproj", "{DCAD6099-03AD-4E39-B6FA-544C894F028A}"
EndProject
Project("{E53339B2-1760-4266-BCC7-CA923CBCF16C}") = "docker-compose", "docker-compose.dcproj", "{E6CF6E19-0FED-49A2-8650-C06DADE0DB7C}"
EndProject
Global
	GlobalSection(SolutionConfigurationPlatforms) = preSolution
		Debug|Any CPU = Debug|Any CPU
		Release|Any CPU = Release|Any CPU
	EndGlobalSection
	GlobalSection(ProjectConfigurationPlatforms) = postSolution
		{89CDAF76-B91B-4E04-AF22-8B7CB79A7D0F}.Debug|Any CPU.ActiveCfg = Debug|Any CPU
		{89CDAF76-B91B-4E04-AF22-8B7CB79A7D0F}.Debug|Any CPU.Build.0 = Debug|Any CPU
		{89CDAF76-B91B-4E04-AF22-8B7CB79A7D0F}.Release|Any CPU.ActiveCfg = Release|Any CPU
		{89CDAF76-B91B-4E04-AF22-8B7CB79A7D0F}.Release|Any CPU.Build.0 = Release|Any CPU
		{E4FAA979-386D-4FF4-BC0E-A9B948DE4E3D}.Debug|Any CPU.ActiveCfg = Debug|Any CPU
		{E4FAA979-386D-4FF4-BC0E-A9B948DE4E3D}.Debug|Any CPU.Build.0 = Debug|Any CPU
		{E4FAA979-386D-4FF4-BC0E-A9B948DE4E3D}.Release|Any CPU.ActiveCfg = Release|Any CPU
		{E4FAA979-386D-4FF4-BC0E-A9B948DE4E3D}.Release|Any CPU.Build.0 = Release|Any CPU
		{85D01158-85FD-4B02-9D2A-0697421162D9}.Debug|Any CPU.ActiveCfg = Debug|Any CPU
		{85D01158-85FD-4B02-9D2A-0697421162D9}.Debug|Any CPU.Build.0 = Debug|Any CPU
		{85D01158-85FD-4B02-9D2A-0697421162D9}.Release|Any CPU.ActiveCfg = Release|Any CPU
		{85D01158-85FD-4B02-9D2A-0697421162D9}.Release|Any CPU.Build.0 = Release|Any CPU
		{52805474-28C1-43FF-B53F-795618FF9701}.Debug|Any CPU.ActiveCfg = Debug|Any CPU
		{52805474-28C1-43FF-B53F-795618FF9701}.Debug|Any CPU.Build.0 = Debug|Any CPU
		{52805474-28C1-43FF-B53F-795618FF9701}.Release|Any CPU.ActiveCfg = Release|Any CPU
		{52805474-28C1-43FF-B53F-795618FF9701}.Release|Any CPU.Build.0 = Release|Any CPU
		{DCAD6099-03AD-4E39-B6FA-544C894F028A}.Debug|Any CPU.ActiveCfg = Debug|Any CPU
		{DCAD6099-03AD-4E39-B6FA-544C894F028A}.Debug|Any CPU.Build.0 = Debug|Any CPU
		{DCAD6099-03AD-4E39-B6FA-544C894F028A}.Release|Any CPU.ActiveCfg = Release|Any CPU
		{DCAD6099-03AD-4E39-B6FA-544C894F028A}.Release|Any CPU.Build.0 = Release|Any CPU
		{E6CF6E19-0FED-49A2-8650-C06DADE0DB7C}.Debug|Any CPU.ActiveCfg = Debug|Any CPU
		{E6CF6E19-0FED-49A2-8650-C06DADE0DB7C}.Debug|Any CPU.Build.0 = Debug|Any CPU
		{E6CF6E19-0FED-49A2-8650-C06DADE0DB7C}.Release|Any CPU.ActiveCfg = Release|Any CPU
		{E6CF6E19-0FED-49A2-8650-C06DADE0DB7C}.Release|Any CPU.Build.0 = Release|Any CPU
	EndGlobalSection
	GlobalSection(SolutionProperties) = preSolution
		HideSolutionNode = FALSE
	EndGlobalSection
	GlobalSection(NestedProjects) = preSolution
		{89CDAF76-B91B-4E04-AF22-8B7CB79A7D0F} = {9025028A-1FEE-4CDD-BFB3-196A2B3BBAC1}
		{FACB254E-3779-4006-A47F-B52B8752BB1F} = {F5FDA398-DD29-4DFC-9509-B00CCF564FA9}
		{5DD492CF-01D2-4A6E-96AA-3642AA6D73C3} = {F5FDA398-DD29-4DFC-9509-B00CCF564FA9}
		{D60A5B12-CB12-4056-8464-6861C16E9A6F} = {F5FDA398-DD29-4DFC-9509-B00CCF564FA9}
		{E4FAA979-386D-4FF4-BC0E-A9B948DE4E3D} = {FACB254E-3779-4006-A47F-B52B8752BB1F}
		{85D01158-85FD-4B02-9D2A-0697421162D9} = {5DD492CF-01D2-4A6E-96AA-3642AA6D73C3}
		{52805474-28C1-43FF-B53F-795618FF9701} = {D60A5B12-CB12-4056-8464-6861C16E9A6F}
		{DCAD6099-03AD-4E39-B6FA-544C894F028A} = {F7C34D7B-8A58-4AD9-B922-65C25CA07005}
	EndGlobalSection
	GlobalSection(ExtensibilityGlobals) = postSolution
		SolutionGuid = {34D5A6D8-7A5B-43D3-9EBC-FFC171D445DA}
	EndGlobalSection
EndGlobal
